{
  "name": "pocket-platformer-to-sms",
  "version": "0.1.0",
  "lockfileVersion": 2,
  "requires": true,
  "packages": {
    "": {
      "version": "0.1.0",
      "license": "MIT",
      "dependencies": {
        "tmx-parser": "^1.5.0"
      }
    },
    "node_modules/pend": {
      "version": "1.2.0",
      "resolved": "https://registry.npmjs.org/pend/-/pend-1.2.0.tgz",
      "integrity": "sha512-F3asv42UuXchdzt+xXqfW1OGlVBe+mxa2mqI0pg5yAHZPvFmY3Y6drSf/GQ1A86WgWEN9Kzh/WrgKa6iGcHXLg=="
    },
    "node_modules/sax": {
      "version": "1.1.6",
      "resolved": "https://registry.npmjs.org/sax/-/sax-1.1.6.tgz",
      "integrity": "sha512-8zci48uUQyfqynGDSkUMD7FCJB96hwLnlZOXlgs1l3TX+LW27t3psSWKUxC0fxVgA86i8tL4NwGcY1h/6t3ESg=="
    },
    "node_modules/tmx-parser": {
      "version": "1.5.0",
      "resolved": "https://registry.npmjs.org/tmx-parser/-/tmx-parser-1.5.0.tgz",
      "integrity": "sha512-vC9ZKfYgoWM3edAwyPiBdcDFQ05ySLXgaXOqkKEOYG+H2CxefoBfsr2ZLLxM0VxxAJps8K3hHOAaFB0QLQJnyw==",
      "dependencies": {
        "pend": "~1.2.0",
        "sax": "~1.1.2"
      }
    }
  },
  "dependencies": {
    "pend": {
      "version": "1.2.0",
      "resolved": "https://registry.npmjs.org/pend/-/pend-1.2.0.tgz",
      "integrity": "sha512-F3asv42UuXchdzt+xXqfW1OGlVBe+mxa2mqI0pg5yAHZPvFmY3Y6drSf/GQ1A86WgWEN9Kzh/WrgKa6iGcHXLg=="
    },
    "sax": {
      "version": "1.1.6",
      "resolved": "https://registry.npmjs.org/sax/-/sax-1.1.6.tgz",
      "integrity": "sha512-8zci48uUQyfqynGDSkUMD7FCJB96hwLnlZOXlgs1l3TX+LW27t3psSWKUxC0fxVgA86i8tL4NwGcY1h/6t3ESg=="
    },
    "tmx-parser": {
      "version": "1.5.0",
      "resolved": "https://registry.npmjs.org/tmx-parser/-/tmx-parser-1.5.0.tgz",
      "integrity": "sha512-vC9ZKfYgoWM3edAwyPiBdcDFQ05ySLXgaXOqkKEOYG+H2CxefoBfsr2ZLLxM0VxxAJps8K3hHOAaFB0QLQJnyw==",
      "requires": {
        "pend": "~1.2.0",
        "sax": "~1.1.2"
      }
    }
  }
}
